
Microsoft Visual Studio Solution File, Format Version 12.00
# Visual Studio Version 16
VisualStudioVersion = 16.0.31321.278
MinimumVisualStudioVersion = 10.0.40219.1
Project("{FAE04EC0-301F-11D3-BF4B-00C04F79EFBC}") = "Recursive.Tests", "TestProject1\Recursive.Tests.csproj", "{A609E78D-A197-43B8-A002-5D60848CCD1C}"
EndProject
Project("{FAE04EC0-301F-11D3-BF4B-00C04F79EFBC}") = "Recursive", "Recursive.Internal\Recursive.csproj", "{972059CD-20BD-4BA9-BE3C-CBA0A46A372F}"
EndProject
Global
	GlobalSection(SolutionConfigurationPlatforms) = preSolution
		Debug|Any CPU = Debug|Any CPU
		Release|Any CPU = Release|Any CPU
	EndGlobalSection
	GlobalSection(ProjectConfigurationPlatforms) = postSolution
		{A609E78D-A197-43B8-A002-5D60848CCD1C}.Debug|Any CPU.ActiveCfg = Debug|Any CPU
		{A609E78D-A197-43B8-A002-5D60848CCD1C}.Debug|Any CPU.Build.0 = Debug|Any CPU
		{A609E78D-A197-43B8-A002-5D60848CCD1C}.Release|Any CPU.ActiveCfg = Release|Any CPU
		{A609E78D-A197-43B8-A002-5D60848CCD1C}.Release|Any CPU.Build.0 = Release|Any CPU
		{972059CD-20BD-4BA9-BE3C-CBA0A46A372F}.Debug|Any CPU.ActiveCfg = Debug|Any CPU
		{972059CD-20BD-4BA9-BE3C-CBA0A46A372F}.Debug|Any CPU.Build.0 = Debug|Any CPU
		{972059CD-20BD-4BA9-BE3C-CBA0A46A372F}.Release|Any CPU.ActiveCfg = Release|Any CPU
		{972059CD-20BD-4BA9-BE3C-CBA0A46A372F}.Release|Any CPU.Build.0 = Release|Any CPU
	EndGlobalSection
	GlobalSection(SolutionProperties) = preSolution
		HideSolutionNode = FALSE
	EndGlobalSection
	GlobalSection(ExtensibilityGlobals) = postSolution
		SolutionGuid = {2DE71FD4-E1DB-4C0D-AD57-3D6C95F39E61}
	EndGlobalSection
EndGlobal
